
Microsoft Visual Studio Solution File, Format Version 12.00
# Visual Studio Version 17
VisualStudioVersion = 17.4.33213.308
MinimumVisualStudioVersion = 10.0.40219.1
Project("{FAE04EC0-301F-11D3-BF4B-00C04F79EFBC}") = "ConsoleApp5", "ConsoleApp5\ConsoleApp5.csproj", "{9ABDDFE6-3585-448F-9D68-7B4CAB7EB052}"
EndProject
Global
	GlobalSection(SolutionConfigurationPlatforms) = preSolution
		Debug|Any CPU = Debug|Any CPU
		Release|Any CPU = Release|Any CPU
	EndGlobalSection
	GlobalSection(ProjectConfigurationPlatforms) = postSolution
		{9ABDDFE6-3585-448F-9D68-7B4CAB7EB052}.Debug|Any CPU.ActiveCfg = Debug|Any CPU
		{9ABDDFE6-3585-448F-9D68-7B4CAB7EB052}.Debug|Any CPU.Build.0 = Debug|Any CPU
		{9ABDDFE6-3585-448F-9D68-7B4CAB7EB052}.Release|Any CPU.ActiveCfg = Release|Any CPU
		{9ABDDFE6-3585-448F-9D68-7B4CAB7EB052}.Release|Any CPU.Build.0 = Release|Any CPU
	EndGlobalSection
	GlobalSection(SolutionProperties) = preSolution
		HideSolutionNode = FALSE
	EndGlobalSection
	GlobalSection(ExtensibilityGlobals) = postSolution
		SolutionGuid = {13DBC565-9C1C-4357-8136-C91AECB1E65B}
	EndGlobalSection
EndGlobal
